
Microsoft Visual Studio Solution File, Format Version 12.00
Project("{FAE04EC0-301F-11D3-BF4B-00C04F79EFBC}") = "RaspberryPiDemo", "RaspberryPiDemo\RaspberryPiDemo.csproj", "{074759A3-CADA-4820-9608-E90B4B9E4363}"
EndProject
Global
	GlobalSection(SolutionConfigurationPlatforms) = preSolution
		Debug|Any CPU = Debug|Any CPU
		Release|Any CPU = Release|Any CPU
	EndGlobalSection
	GlobalSection(ProjectConfigurationPlatforms) = postSolution
		{074759A3-CADA-4820-9608-E90B4B9E4363}.Debug|Any CPU.ActiveCfg = Debug|Any CPU
		{074759A3-CADA-4820-9608-E90B4B9E4363}.Debug|Any CPU.Build.0 = Debug|Any CPU
		{074759A3-CADA-4820-9608-E90B4B9E4363}.Release|Any CPU.ActiveCfg = Release|Any CPU
		{074759A3-CADA-4820-9608-E90B4B9E4363}.Release|Any CPU.Build.0 = Release|Any CPU
	EndGlobalSection
EndGlobal
